
Microsoft Visual Studio Solution File, Format Version 12.00
# Visual Studio Version 17
VisualStudioVersion = 17.14.36301.6 d17.14
MinimumVisualStudioVersion = 10.0.40219.1
Project("{FAE04EC0-301F-11D3-BF4B-00C04F79EFBC}") = "Assignment04", "Assignment04\Assignment04.csproj", "{3E862AE2-CD34-444B-85A6-A2D1C8E2CABE}"
EndProject
Global
	GlobalSection(SolutionConfigurationPlatforms) = preSolution
		Debug|Any CPU = Debug|Any CPU
		Release|Any CPU = Release|Any CPU
	EndGlobalSection
	GlobalSection(ProjectConfigurationPlatforms) = postSolution
		{3E862AE2-CD34-444B-85A6-A2D1C8E2CABE}.Debug|Any CPU.ActiveCfg = Debug|Any CPU
		{3E862AE2-CD34-444B-85A6-A2D1C8E2CABE}.Debug|Any CPU.Build.0 = Debug|Any CPU
		{3E862AE2-CD34-444B-85A6-A2D1C8E2CABE}.Release|Any CPU.ActiveCfg = Release|Any CPU
		{3E862AE2-CD34-444B-85A6-A2D1C8E2CABE}.Release|Any CPU.Build.0 = Release|Any CPU
	EndGlobalSection
	GlobalSection(SolutionProperties) = preSolution
		HideSolutionNode = FALSE
	EndGlobalSection
	GlobalSection(ExtensibilityGlobals) = postSolution
		SolutionGuid = {917DC206-4C69-4981-B452-C60FE10BF674}
	EndGlobalSection
EndGlobal
