
Microsoft Visual Studio Solution File, Format Version 12.00
# Visual Studio Version 17
VisualStudioVersion = 17.14.36301.6 d17.14
MinimumVisualStudioVersion = 10.0.40219.1
Project("{FAE04EC0-301F-11D3-BF4B-00C04F79EFBC}") = "Assignment 10", "Assignment 10\Assignment 10.csproj", "{D2B71ED7-AE4A-481C-9367-9841BEFCC771}"
EndProject
Global
	GlobalSection(SolutionConfigurationPlatforms) = preSolution
		Debug|Any CPU = Debug|Any CPU
		Release|Any CPU = Release|Any CPU
	EndGlobalSection
	GlobalSection(ProjectConfigurationPlatforms) = postSolution
		{D2B71ED7-AE4A-481C-9367-9841BEFCC771}.Debug|Any CPU.ActiveCfg = Debug|Any CPU
		{D2B71ED7-AE4A-481C-9367-9841BEFCC771}.Debug|Any CPU.Build.0 = Debug|Any CPU
		{D2B71ED7-AE4A-481C-9367-9841BEFCC771}.Release|Any CPU.ActiveCfg = Release|Any CPU
		{D2B71ED7-AE4A-481C-9367-9841BEFCC771}.Release|Any CPU.Build.0 = Release|Any CPU
	EndGlobalSection
	GlobalSection(SolutionProperties) = preSolution
		HideSolutionNode = FALSE
	EndGlobalSection
	GlobalSection(ExtensibilityGlobals) = postSolution
		SolutionGuid = {D1EFB123-C72E-4707-A9DF-7CB497184482}
	EndGlobalSection
EndGlobal
